// !$*UTF8*$!
{
	archiveVersion = 1;
	classes = {
	};
	objectVersion = 50;
	objects = {

/* Begin PBXBuildFile section */
		2553A2FE21966B79005D9118 /* AppDelegate.swift in Sources */ = {isa = PBXBuildFile; fileRef = 2553A2FD21966B79005D9118 /* AppDelegate.swift */; };
		2553A30021966B79005D9118 /* HomeController.swift in Sources */ = {isa = PBXBuildFile; fileRef = 2553A2FF21966B79005D9118 /* HomeController.swift */; };
		2553A30321966B79005D9118 /* Main.storyboard in Resources */ = {isa = PBXBuildFile; fileRef = 2553A30121966B79005D9118 /* Main.storyboard */; };
		2553A30521966B7F005D9118 /* Assets.xcassets in Resources */ = {isa = PBXBuildFile; fileRef = 2553A30421966B7F005D9118 /* Assets.xcassets */; };
		2553A30821966B7F005D9118 /* LaunchScreen.storyboard in Resources */ = {isa = PBXBuildFile; fileRef = 2553A30621966B7F005D9118 /* LaunchScreen.storyboard */; };
		25A2027C21A1135B00B3205B /* Extention.swift in Sources */ = {isa = PBXBuildFile; fileRef = 25A2027B21A1135B00B3205B /* Extention.swift */; };
		25A2028121A113E900B3205B /* VideoCell.swift in Sources */ = {isa = PBXBuildFile; fileRef = 25A2028021A113E900B3205B /* VideoCell.swift */; };
		25A2028321A98AEA00B3205B /* MenuBar.swift in Sources */ = {isa = PBXBuildFile; fileRef = 25A2028221A98AEA00B3205B /* MenuBar.swift */; };
		25A2028621B0518D00B3205B /* Video.swift in Sources */ = {isa = PBXBuildFile; fileRef = 25A2028521B0518D00B3205B /* Video.swift */; };
		25A2028821B7EF5B00B3205B /* SettingsLauncher.swift in Sources */ = {isa = PBXBuildFile; fileRef = 25A2028721B7EF5B00B3205B /* SettingsLauncher.swift */; };
		25A2028A21B82D7B00B3205B /* SettingsCell.swift in Sources */ = {isa = PBXBuildFile; fileRef = 25A2028921B82D7B00B3205B /* SettingsCell.swift */; };
/* End PBXBuildFile section */

/* Begin PBXFileReference section */
		2553A2FA21966B78005D9118 /* Youtube.app */ = {isa = PBXFileReference; explicitFileType = wrapper.application; includeInIndex = 0; path = Youtube.app; sourceTree = BUILT_PRODUCTS_DIR; };
		2553A2FD21966B79005D9118 /* AppDelegate.swift */ = {isa = PBXFileReference; lastKnownFileType = sourcecode.swift; path = AppDelegate.swift; sourceTree = "<group>"; };
		2553A2FF21966B79005D9118 /* HomeController.swift */ = {isa = PBXFileReference; lastKnownFileType = sourcecode.swift; path = HomeController.swift; sourceTree = "<group>"; };
		2553A30221966B79005D9118 /* Base */ = {isa = PBXFileReference; lastKnownFileType = file.storyboard; name = Base; path = Base.lproj/Main.storyboard; sourceTree = "<group>"; };
		2553A30421966B7F005D9118 /* Assets.xcassets */ = {isa = PBXFileReference; lastKnownFileType = folder.assetcatalog; path = Assets.xcassets; sourceTree = "<group>"; };
		2553A30721966B7F005D9118 /* Base */ = {isa = PBXFileReference; lastKnownFileType = file.storyboard; name = Base; path = Base.lproj/LaunchScreen.storyboard; sourceTree = "<group>"; };
		2553A30921966B7F005D9118 /* Info.plist */ = {isa = PBXFileReference; lastKnownFileType = text.plist.xml; path = Info.plist; sourceTree = "<group>"; };
		25A2027B21A1135B00B3205B /* Extention.swift */ = {isa = PBXFileReference; lastKnownFileType = sourcecode.swift; path = Extention.swift; sourceTree = "<group>"; };
		25A2028021A113E900B3205B /* VideoCell.swift */ = {isa = PBXFileReference; lastKnownFileType = sourcecode.swift; path = VideoCell.swift; sourceTree = "<group>"; };
		25A2028221A98AEA00B3205B /* MenuBar.swift */ = {isa = PBXFileReference; lastKnownFileType = sourcecode.swift; path = MenuBar.swift; sourceTree = "<group>"; };
		25A2028521B0518D00B3205B /* Video.swift */ = {isa = PBXFileReference; lastKnownFileType = sourcecode.swift; path = Video.swift; sourceTree = "<group>"; };
		25A2028721B7EF5B00B3205B /* SettingsLauncher.swift */ = {isa = PBXFileReference; lastKnownFileType = sourcecode.swift; path = SettingsLauncher.swift; sourceTree = "<group>"; };
		25A2028921B82D7B00B3205B /* SettingsCell.swift */ = {isa = PBXFileReference; lastKnownFileType = sourcecode.swift; path = SettingsCell.swift; sourceTree = "<group>"; };
/* End PBXFileReference section */

/* Begin PBXFrameworksBuildPhase section */
		2553A2F721966B78005D9118 /* Frameworks */ = {
			isa = PBXFrameworksBuildPhase;
			buildActionMask = 2147483647;
			files = (
			);
			runOnlyForDeploymentPostprocessing = 0;
		};
/* End PBXFrameworksBuildPhase section */

/* Begin PBXGroup section */
		2553A2F121966B78005D9118 = {
			isa = PBXGroup;
			children = (
				2553A2FC21966B78005D9118 /* Youtube */,
				2553A2FB21966B78005D9118 /* Products */,
			);
			sourceTree = "<group>";
		};
		2553A2FB21966B78005D9118 /* Products */ = {
			isa = PBXGroup;
			children = (
				2553A2FA21966B78005D9118 /* Youtube.app */,
			);
			name = Products;
			sourceTree = "<group>";
		};
		2553A2FC21966B78005D9118 /* Youtube */ = {
			isa = PBXGroup;
			children = (
				2553A2FD21966B79005D9118 /* AppDelegate.swift */,
				25A2028421B0517100B3205B /* Model */,
				25A2027E21A113AC00B3205B /* View */,
				25A2027D21A1139C00B3205B /* Controller */,
				25A2027A21A1133500B3205B /* Extension */,
				25A2027F21A113BF00B3205B /* Supporting Files */,
				2553A30921966B7F005D9118 /* Info.plist */,
			);
			path = Youtube;
			sourceTree = "<group>";
		};
		25A2027A21A1133500B3205B /* Extension */ = {
			isa = PBXGroup;
			children = (
				25A2027B21A1135B00B3205B /* Extention.swift */,
			);
			path = Extension;
			sourceTree = "<group>";
		};
		25A2027D21A1139C00B3205B /* Controller */ = {
			isa = PBXGroup;
			children = (
				2553A2FF21966B79005D9118 /* HomeController.swift */,
				25A2028721B7EF5B00B3205B /* SettingsLauncher.swift */,
			);
			path = Controller;
			sourceTree = "<group>";
		};
		25A2027E21A113AC00B3205B /* View */ = {
			isa = PBXGroup;
			children = (
				25A2028021A113E900B3205B /* VideoCell.swift */,
				25A2028221A98AEA00B3205B /* MenuBar.swift */,
				25A2028921B82D7B00B3205B /* SettingsCell.swift */,
			);
			path = View;
			sourceTree = "<group>";
		};
		25A2027F21A113BF00B3205B /* Supporting Files */ = {
			isa = PBXGroup;
			children = (
				2553A30421966B7F005D9118 /* Assets.xcassets */,
				2553A30621966B7F005D9118 /* LaunchScreen.storyboard */,
				2553A30121966B79005D9118 /* Main.storyboard */,
			);
			path = "Supporting Files";
			sourceTree = "<group>";
		};
		25A2028421B0517100B3205B /* Model */ = {
			isa = PBXGroup;
			children = (
				25A2028521B0518D00B3205B /* Video.swift */,
			);
			path = Model;
			sourceTree = "<group>";
		};
/* End PBXGroup section */

/* Begin PBXNativeTarget section */
		2553A2F921966B78005D9118 /* Youtube */ = {
			isa = PBXNativeTarget;
			buildConfigurationList = 2553A30C21966B7F005D9118 /* Build configuration list for PBXNativeTarget "Youtube" */;
			buildPhases = (
				2553A2F621966B78005D9118 /* Sources */,
				2553A2F721966B78005D9118 /* Frameworks */,
				2553A2F821966B78005D9118 /* Resources */,
			);
			buildRules = (
			);
			dependencies = (
			);
			name = Youtube;
			productName = Youtube;
			productReference = 2553A2FA21966B78005D9118 /* Youtube.app */;
			productType = "com.apple.product-type.application";
		};
/* End PBXNativeTarget section */

/* Begin PBXProject section */
		2553A2F221966B78005D9118 /* Project object */ = {
			isa = PBXProject;
			attributes = {
				LastSwiftUpdateCheck = 1010;
				LastUpgradeCheck = 1010;
				ORGANIZATIONNAME = "Dake Aga";
				TargetAttributes = {
					2553A2F921966B78005D9118 = {
						CreatedOnToolsVersion = 10.1;
					};
				};
			};
			buildConfigurationList = 2553A2F521966B78005D9118 /* Build configuration list for PBXProject "Youtube" */;
			compatibilityVersion = "Xcode 9.3";
			developmentRegion = en;
			hasScannedForEncodings = 0;
			knownRegions = (
				en,
				Base,
			);
			mainGroup = 2553A2F121966B78005D9118;
			productRefGroup = 2553A2FB21966B78005D9118 /* Products */;
			projectDirPath = "";
			projectRoot = "";
			targets = (
				2553A2F921966B78005D9118 /* Youtube */,
			);
		};
/* End PBXProject section */

/* Begin PBXResourcesBuildPhase section */
		2553A2F821966B78005D9118 /* Resources */ = {
			isa = PBXResourcesBuildPhase;
			buildActionMask = 2147483647;
			files = (
				2553A30821966B7F005D9118 /* LaunchScreen.storyboard in Resources */,
				2553A30521966B7F005D9118 /* Assets.xcassets in Resources */,
				2553A30321966B79005D9118 /* Main.storyboard in Resources */,
			);
			runOnlyForDeploymentPostprocessing = 0;
		};
/* End PBXResourcesBuildPhase section */

/* Begin PBXSourcesBuildPhase section */
		2553A2F621966B78005D9118 /* Sources */ = {
			isa = PBXSourcesBuildPhase;
			buildActionMask = 2147483647;
			files = (
				2553A30021966B79005D9118 /* HomeController.swift in Sources */,
				25A2028621B0518D00B3205B /* Video.swift in Sources */,
				25A2028121A113E900B3205B /* VideoCell.swift in Sources */,
				25A2028821B7EF5B00B3205B /* SettingsLauncher.swift in Sources */,
				25A2027C21A1135B00B3205B /* Extention.swift in Sources */,
				2553A2FE21966B79005D9118 /* AppDelegate.swift in Sources */,
				25A2028A21B82D7B00B3205B /* SettingsCell.swift in Sources */,
				25A2028321A98AEA00B3205B /* MenuBar.swift in Sources */,
			);
			runOnlyForDeploymentPostprocessing = 0;
		};
/* End PBXSourcesBuildPhase section */

/* Begin PBXVariantGroup section */
		2553A30121966B79005D9118 /* Main.storyboard */ = {
			isa = PBXVariantGroup;
			children = (
				2553A30221966B79005D9118 /* Base */,
			);
			name = Main.storyboard;
			sourceTree = "<group>";
		};
		2553A30621966B7F005D9118 /* LaunchScreen.storyboard */ = {
			isa = PBXVariantGroup;
			children = (
				2553A30721966B7F005D9118 /* Base */,
			);
			name = LaunchScreen.storyboard;
			sourceTree = "<group>";
		};
/* End PBXVariantGroup section */

/* Begin XCBuildConfiguration section */
		2553A30A21966B7F005D9118 /* Debug */ = {
			isa = XCBuildConfiguration;
			buildSettings = {
				ALWAYS_SEARCH_USER_PATHS = NO;
				CLANG_ANALYZER_NONNULL = YES;
				CLANG_ANALYZER_NUMBER_OBJECT_CONVERSION = YES_AGGRESSIVE;
				CLANG_CXX_LANGUAGE_STANDARD = "gnu++14";
				CLANG_CXX_LIBRARY = "libc++";
				CLANG_ENABLE_MODULES = YES;
				CLANG_ENABLE_OBJC_ARC = YES;
				CLANG_ENABLE_OBJC_WEAK = YES;
				CLANG_WARN_BLOCK_CAPTURE_AUTORELEASING = YES;
				CLANG_WARN_BOOL_CONVERSION = YES;
				CLANG_WARN_COMMA = YES;
				CLANG_WARN_CONSTANT_CONVERSION = YES;
				CLANG_WARN_DEPRECATED_OBJC_IMPLEMENTATIONS = YES;
				CLANG_WARN_DIRECT_OBJC_ISA_USAGE = YES_ERROR;
				CLANG_WARN_DOCUMENTATION_COMMENTS = YES;
				CLANG_WARN_EMPTY_BODY = YES;
				CLANG_WARN_ENUM_CONVERSION = YES;
				CLANG_WARN_INFINITE_RECURSION = YES;
				CLANG_WARN_INT_CONVERSION = YES;
				CLANG_WARN_NON_LITERAL_NULL_CONVERSION = YES;
				CLANG_WARN_OBJC_IMPLICIT_RETAIN_SELF = YES;
				CLANG_WARN_OBJC_LITERAL_CONVERSION = YES;
				CLANG_WARN_OBJC_ROOT_CLASS = YES_ERROR;
				CLANG_WARN_RANGE_LOOP_ANALYSIS = YES;
				CLANG_WARN_STRICT_PROTOTYPES = YES;
				CLANG_WARN_SUSPICIOUS_MOVE = YES;
				CLANG_WARN_UNGUARDED_AVAILABILITY = YES_AGGRESSIVE;
				CLANG_WARN_UNREACHABLE_CODE = YES;
				CLANG_WARN__DUPLICATE_METHOD_MATCH = YES;
				CODE_SIGN_IDENTITY = "iPhone Developer";
				COPY_PHASE_STRIP = NO;
				DEBUG_INFORMATION_FORMAT = dwarf;
				ENABLE_STRICT_OBJC_MSGSEND = YES;
				ENABLE_TESTABILITY = YES;
				GCC_C_LANGUAGE_STANDARD = gnu11;
				GCC_DYNAMIC_NO_PIC = NO;
				GCC_NO_COMMON_BLOCKS = YES;
				GCC_OPTIMIZATION_LEVEL = 0;
				GCC_PREPROCESSOR_DEFINITIONS = (
					"DEBUG=1",
					"$(inherited)",
				);
				GCC_WARN_64_TO_32_BIT_CONVERSION = YES;
				GCC_WARN_ABOUT_RETURN_TYPE = YES_ERROR;
				GCC_WARN_UNDECLARED_SELECTOR = YES;
				GCC_WARN_UNINITIALIZED_AUTOS = YES_AGGRESSIVE;
				GCC_WARN_UNUSED_FUNCTION = YES;
				GCC_WARN_UNUSED_VARIABLE = YES;
				IPHONEOS_DEPLOYMENT_TARGET = 12.1;
				MTL_ENABLE_DEBUG_INFO = INCLUDE_SOURCE;
				MTL_FAST_MATH = YES;
				ONLY_ACTIVE_ARCH = YES;
				SDKROOT = iphoneos;
				SWIFT_ACTIVE_COMPILATION_CONDITIONS = DEBUG;
				SWIFT_OPTIMIZATION_LEVEL = "-Onone";
			};
			name = Debug;
		};
		2553A30B21966B7F005D9118 /* Release */ = {
			isa = XCBuildConfiguration;
			buildSettings = {
				ALWAYS_SEARCH_USER_PATHS = NO;
				CLANG_ANALYZER_NONNULL = YES;
				CLANG_ANALYZER_NUMBER_OBJECT_CONVERSION = YES_AGGRESSIVE;
				CLANG_CXX_LANGUAGE_STANDARD = "gnu++14";
				CLANG_CXX_LIBRARY = "libc++";
				CLANG_ENABLE_MODULES = YES;
				CLANG_ENABLE_OBJC_ARC = YES;
				CLANG_ENABLE_OBJC_WEAK = YES;
				CLANG_WARN_BLOCK_CAPTURE_AUTORELEASING = YES;
				CLANG_WARN_BOOL_CONVERSION = YES;
				CLANG_WARN_COMMA = YES;
				CLANG_WARN_CONSTANT_CONVERSION = YES;
				CLANG_WARN_DEPRECATED_OBJC_IMPLEMENTATIONS = YES;
				CLANG_WARN_DIRECT_OBJC_ISA_USAGE = YES_ERROR;
				CLANG_WARN_DOCUMENTATION_COMMENTS = YES;
				CLANG_WARN_EMPTY_BODY = YES;
				CLANG_WARN_ENUM_CONVERSION = YES;
				CLANG_WARN_INFINITE_RECURSION = YES;
				CLANG_WARN_INT_CONVERSION = YES;
				CLANG_WARN_NON_LITERAL_NULL_CONVERSION = YES;
				CLANG_WARN_OBJC_IMPLICIT_RETAIN_SELF = YES;
				CLANG_WARN_OBJC_LITERAL_CONVERSION = YES;
				CLANG_WARN_OBJC_ROOT_CLASS = YES_ERROR;
				CLANG_WARN_RANGE_LOOP_ANALYSIS = YES;
				CLANG_WARN_STRICT_PROTOTYPES = YES;
				CLANG_WARN_SUSPICIOUS_MOVE = YES;
				CLANG_WARN_UNGUARDED_AVAILABILITY = YES_AGGRESSIVE;
				CLANG_WARN_UNREACHABLE_CODE = YES;
				CLANG_WARN__DUPLICATE_METHOD_MATCH = YES;
				CODE_SIGN_IDENTITY = "iPhone Developer";
				COPY_PHASE_STRIP = NO;
				DEBUG_INFORMATION_FORMAT = "dwarf-with-dsym";
				ENABLE_NS_ASSERTIONS = NO;
				ENABLE_STRICT_OBJC_MSGSEND = YES;
				GCC_C_LANGUAGE_STANDARD = gnu11;
				GCC_NO_COMMON_BLOCKS = YES;
				GCC_WARN_64_TO_32_BIT_CONVERSION = YES;
				GCC_WARN_ABOUT_RETURN_TYPE = YES_ERROR;
				GCC_WARN_UNDECLARED_SELECTOR = YES;
				GCC_WARN_UNINITIALIZED_AUTOS = YES_AGGRESSIVE;
				GCC_WARN_UNUSED_FUNCTION = YES;
				GCC_WARN_UNUSED_VARIABLE = YES;
				IPHONEOS_DEPLOYMENT_TARGET = 12.1;
				MTL_ENABLE_DEBUG_INFO = NO;
				MTL_FAST_MATH = YES;
				SDKROOT = iphoneos;
				SWIFT_COMPILATION_MODE = wholemodule;
				SWIFT_OPTIMIZATION_LEVEL = "-O";
				VALIDATE_PRODUCT = YES;
			};
			name = Release;
		};
		2553A30D21966B7F005D9118 /* Debug */ = {
			isa = XCBuildConfiguration;
			buildSettings = {
				ASSETCATALOG_COMPILER_APPICON_NAME = AppIcon;
				CODE_SIGN_STYLE = Automatic;
				DEVELOPMENT_TEAM = ZH73MN74G3;
				INFOPLIST_FILE = Youtube/Info.plist;
				IPHONEOS_DEPLOYMENT_TARGET = 12.1;
				LD_RUNPATH_SEARCH_PATHS = (
					"$(inherited)",
					"@executable_path/Frameworks",
				);
				PRODUCT_BUNDLE_IDENTIFIER = com.dake.Youtube;
				PRODUCT_NAME = "$(TARGET_NAME)";
				SWIFT_VERSION = 4.2;
				TARGETED_DEVICE_FAMILY = "1,2";
			};
			name = Debug;
		};
		2553A30E21966B7F005D9118 /* Release */ = {
			isa = XCBuildConfiguration;
			buildSettings = {
				ASSETCATALOG_COMPILER_APPICON_NAME = AppIcon;
				CODE_SIGN_STYLE = Automatic;
				DEVELOPMENT_TEAM = ZH73MN74G3;
				INFOPLIST_FILE = Youtube/Info.plist;
				IPHONEOS_DEPLOYMENT_TARGET = 12.1;
				LD_RUNPATH_SEARCH_PATHS = (
					"$(inherited)",
					"@executable_path/Frameworks",
				);
				PRODUCT_BUNDLE_IDENTIFIER = com.dake.Youtube;
				PRODUCT_NAME = "$(TARGET_NAME)";
				SWIFT_VERSION = 4.2;
				TARGETED_DEVICE_FAMILY = "1,2";
			};
			name = Release;
		};
/* End XCBuildConfiguration section */

/* Begin XCConfigurationList section */
		2553A2F521966B78005D9118 /* Build configuration list for PBXProject "Youtube" */ = {
			isa = XCConfigurationList;
			buildConfigurations = (
				2553A30A21966B7F005D9118 /* Debug */,
				2553A30B21966B7F005D9118 /* Release */,
			);
			defaultConfigurationIsVisible = 0;
			defaultConfigurationName = Release;
		};
		2553A30C21966B7F005D9118 /* Build configuration list for PBXNativeTarget "Youtube" */ = {
			isa = XCConfigurationList;
			buildConfigurations = (
				2553A30D21966B7F005D9118 /* Debug */,
				2553A30E21966B7F005D9118 /* Release */,
			);
			defaultConfigurationIsVisible = 0;
			defaultConfigurationName = Release;
		};
/* End XCConfigurationList section */
	};
	rootObject = 2553A2F221966B78005D9118 /* Project object */;
}
